
Microsoft Visual Studio Solution File, Format Version 12.00
# Visual Studio Version 16
VisualStudioVersion = 16.0.31515.178
MinimumVisualStudioVersion = 10.0.40219.1
Project("{8BC9CEB8-8B4A-11D0-8D11-00A0C91BC942}") = "Plumbus", "Plumbus\Plumbus.vcxproj", "{DEF87B8C-CE40-493C-B625-7A8F7F090431}"
EndProject
Global
	GlobalSection(SolutionConfigurationPlatforms) = preSolution
		Debug|x64 = Debug|x64
		Debug|x86 = Debug|x86
		Release|x64 = Release|x64
		Release|x86 = Release|x86
	EndGlobalSection
	GlobalSection(ProjectConfigurationPlatforms) = postSolution
		{DEF87B8C-CE40-493C-B625-7A8F7F090431}.Debug|x64.ActiveCfg = Debug|x64
		{DEF87B8C-CE40-493C-B625-7A8F7F090431}.Debug|x64.Build.0 = Debug|x64
		{DEF87B8C-CE40-493C-B625-7A8F7F090431}.Debug|x86.ActiveCfg = Debug|x64
		{DEF87B8C-CE40-493C-B625-7A8F7F090431}.Debug|x86.Build.0 = Debug|x64
		{DEF87B8C-CE40-493C-B625-7A8F7F090431}.Release|x64.ActiveCfg = Release|x64
		{DEF87B8C-CE40-493C-B625-7A8F7F090431}.Release|x64.Build.0 = Release|x64
		{DEF87B8C-CE40-493C-B625-7A8F7F090431}.Release|x86.ActiveCfg = Release|Win32
		{DEF87B8C-CE40-493C-B625-7A8F7F090431}.Release|x86.Build.0 = Release|Win32
	EndGlobalSection
	GlobalSection(SolutionProperties) = preSolution
		HideSolutionNode = FALSE
	EndGlobalSection
	GlobalSection(ExtensibilityGlobals) = postSolution
		SolutionGuid = {514082A2-3D28-4A36-A3FF-8C46251BB533}
	EndGlobalSection
EndGlobal
