<?xml version="1.0" encoding="utf-8"?>
<Project ToolsVersion="4.0" xmlns="http://schemas.microsoft.com/developer/msbuild/2003">
  <ItemGroup>
    <Filter Include="Source Files">
      <UniqueIdentifier>{4FC737F1-C7A5-4376-A066-2A32D752A2FF}</UniqueIdentifier>
      <Extensions>cpp;c;cc;cxx;c++;cppm;ixx;def;odl;idl;hpj;bat;asm;asmx</Extensions>
    </Filter>
    <Filter Include="Header Files">
      <UniqueIdentifier>{93995380-89BD-4b04-88EB-625FBE52EBFB}</UniqueIdentifier>
      <Extensions>h;hh;hpp;hxx;h++;hm;inl;inc;ipp;xsd</Extensions>
    </Filter>
    <Filter Include="Resource Files">
      <UniqueIdentifier>{67DA6AB6-F800-4c08-8B7A-83BB121AAD01}</UniqueIdentifier>
      <Extensions>rc;ico;cur;bmp;dlg;rc2;rct;bin;rgs;gif;jpg;jpeg;jpe;resx;tiff;tif;png;wav;mfcribbon-ms</Extensions>
    </Filter>
  </ItemGroup>
  <ItemGroup>
    <ClCompile Include="Main.cpp">
      <Filter>Source Files</Filter>
    </ClCompile>
    <ClCompile Include="classes\structure\Clip.cpp">
      <Filter>Source Files</Filter>
    </ClCompile>
    <ClCompile Include="classes\util\Window.cpp">
      <Filter>Source Files</Filter>
    </ClCompile>
    <ClCompile Include="classes\moments\Frame.cpp">
      <Filter>Source Files</Filter>
    </ClCompile>
    <ClCompile Include="classes\moments\Antiframe.cpp">
      <Filter>Source Files</Filter>
    </ClCompile>
    <ClCompile Include="classes\util\Timer.cpp">
      <Filter>Source Files</Filter>
    </ClCompile>
    <ClCompile Include="classes\util\ColorWheel.cpp">
      <Filter>Source Files</Filter>
    </ClCompile>
    <ClCompile Include="Cuda_functions\classes\CudaInterface.cpp">
      <Filter>Source Files</Filter>
    </ClCompile>
    <ClCompile Include="classes\moments\Moment.cpp">
      <Filter>Source Files</Filter>
    </ClCompile>
    <ClCompile Include="classes\events\Shot.cpp">
      <Filter>Source Files</Filter>
    </ClCompile>
    <ClCompile Include="classes\structure\Scene.cpp">
      <Filter>Source Files</Filter>
    </ClCompile>
    <ClCompile Include="classes\structure\VirtualEvent.cpp">
      <Filter>Source Files</Filter>
    </ClCompile>
    <ClCompile Include="classes\events\Activity.cpp">
      <Filter>Source Files</Filter>
    </ClCompile>
    <ClCompile Include="classes\events\Event.cpp">
      <Filter>Source Files</Filter>
    </ClCompile>
    <ClCompile Include="classes\util\Link.cpp">
      <Filter>Source Files</Filter>
    </ClCompile>
    <ClCompile Include="classes\objects\Object.cpp">
      <Filter>Source Files</Filter>
    </ClCompile>
    <ClCompile Include="classes\objects\Superpixel.cpp">
      <Filter>Source Files</Filter>
    </ClCompile>
    <ClCompile Include="classes\objects\Field.cpp">
      <Filter>Source Files</Filter>
    </ClCompile>
    <ClCompile Include="classes\objects\Region.cpp">
      <Filter>Source Files</Filter>
    </ClCompile>
    <ClCompile Include="classes\util\Util.cpp">
      <Filter>Source Files</Filter>
    </ClCompile>
    <ClCompile Include="Cuda_functions\classes\CudaUtil.cpp">
      <Filter>Source Files</Filter>
    </ClCompile>
  </ItemGroup>
  <ItemGroup>
    <Image Include="res\000000690.png">
      <Filter>Resource Files</Filter>
    </Image>
    <Image Include="res\000000691.png">
      <Filter>Resource Files</Filter>
    </Image>
    <Image Include="res\000000692.png">
      <Filter>Resource Files</Filter>
    </Image>
    <Image Include="res\000000693.png">
      <Filter>Resource Files</Filter>
    </Image>
    <Image Include="res\000000694.png">
      <Filter>Resource Files</Filter>
    </Image>
    <Image Include="res\000000695.png">
      <Filter>Resource Files</Filter>
    </Image>
  </ItemGroup>
  <ItemGroup>
    <ClInclude Include="old source\oldFrame.h">
      <Filter>Header Files</Filter>
    </ClInclude>
    <ClInclude Include="old source\oldClip.h">
      <Filter>Header Files</Filter>
    </ClInclude>
    <ClInclude Include="old source\oldDifferenceMap.h">
      <Filter>Header Files</Filter>
    </ClInclude>
    <ClInclude Include="headers\moments\Antiframe.h">
      <Filter>Header Files</Filter>
    </ClInclude>
    <ClInclude Include="includes.h">
      <Filter>Header Files</Filter>
    </ClInclude>
    <ClInclude Include="headers\structure\Clip.h">
      <Filter>Header Files</Filter>
    </ClInclude>
    <ClInclude Include="headers\moments\Frame.h">
      <Filter>Header Files</Filter>
    </ClInclude>
    <ClInclude Include="headers\util\Window.h">
      <Filter>Header Files</Filter>
    </ClInclude>
    <ClInclude Include="classes.h">
      <Filter>Header Files</Filter>
    </ClInclude>
    <ClInclude Include="headers\util\Timer.h">
      <Filter>Header Files</Filter>
    </ClInclude>
    <ClInclude Include="headers\util\ColorWheel.h">
      <Filter>Header Files</Filter>
    </ClInclude>
    <ClInclude Include="cuda_includes.h">
      <Filter>Header Files</Filter>
    </ClInclude>
    <ClInclude Include="Cuda_functions\classes\CudaInterface.h">
      <Filter>Header Files</Filter>
    </ClInclude>
    <ClInclude Include="Cuda_functions\headers\misc\selective_blur.h">
      <Filter>Header Files</Filter>
    </ClInclude>
    <ClInclude Include="headers\moments\Moment.h">
      <Filter>Header Files</Filter>
    </ClInclude>
    <ClInclude Include="headers\events\Shot.h">
      <Filter>Header Files</Filter>
    </ClInclude>
    <ClInclude Include="headers\structure\Scene.h">
      <Filter>Header Files</Filter>
    </ClInclude>
    <ClInclude Include="headers\structure\VirtualEvent.h">
      <Filter>Header Files</Filter>
    </ClInclude>
    <ClInclude Include="headers\events\Activity.h">
      <Filter>Header Files</Filter>
    </ClInclude>
    <ClInclude Include="headers\events\Event.h">
      <Filter>Header Files</Filter>
    </ClInclude>
    <ClInclude Include="headers\util\Link.h">
      <Filter>Header Files</Filter>
    </ClInclude>
    <ClInclude Include="headers\objects\Object.h">
      <Filter>Header Files</Filter>
    </ClInclude>
    <ClInclude Include="Cuda_functions\headers\misc\fast_selective_blur.cuh" />
    <ClInclude Include="headers\objects\Field.h">
      <Filter>Header Files</Filter>
    </ClInclude>
    <ClInclude Include="headers\objects\Region.h">
      <Filter>Header Files</Filter>
    </ClInclude>
    <ClInclude Include="headers\objects\Superpixel.h">
      <Filter>Header Files</Filter>
    </ClInclude>
    <ClInclude Include="config.h">
      <Filter>Header Files</Filter>
    </ClInclude>
    <ClInclude Include="Cuda_functions\headers\SP processing\find_borders.cuh" />
    <ClInclude Include="standard_includes.h">
      <Filter>Header Files</Filter>
    </ClInclude>
    <ClInclude Include="headers\util\Util.h">
      <Filter>Header Files</Filter>
    </ClInclude>
    <ClInclude Include="Cuda_functions\headers\misc\matrix_operations.cuh" />
    <ClInclude Include="Cuda_functions\headers\AP\form_similarity_matrix.cuh" />
    <ClInclude Include="Cuda_functions\headers\AP\update_availibility_matrix.cuh" />
    <ClInclude Include="Cuda_functions\headers\AP\update_critereon_matrix.cuh" />
    <ClInclude Include="Cuda_functions\headers\AP\update_responsibility_matrix.cuh" />
    <ClInclude Include="Cuda_functions\classes\cuda_function_includes.h">
      <Filter>Header Files</Filter>
    </ClInclude>
    <ClInclude Include="Cuda_functions\headers\AP\extract_exemplars.cuh" />
    <ClInclude Include="Cuda_functions\headers\AP\form_similarity_matrix_color.cuh" />
    <ClInclude Include="Cuda_functions\headers\AP\dampen_messages.cuh" />
    <ClInclude Include="Cuda_functions\headers\AP\presort_matrix_ap.cuh" />
    <ClInclude Include="Cuda_functions\headers\SLIC\find_labels.cuh" />
    <ClInclude Include="Cuda_functions\headers\SLIC\update_centers.cuh" />
    <ClInclude Include="Cuda_functions\headers\generic operations\pop_zero_vec.cuh" />
    <ClInclude Include="Cuda_functions\headers\generic operations\sum_vec.cuh" />
    <ClInclude Include="Cuda_functions\headers\generic operations\exclusive_scan_vec.cuh" />
    <ClInclude Include="Cuda_functions\headers\SLIC\separate_blobs.cuh" />
    <ClInclude Include="Cuda_functions\headers\SLIC\absorb_small_blobs.cuh" />
    <ClInclude Include="Cuda_functions\headers\SLIC\produce_ordered_labels.cuh" />
    <ClInclude Include="Cuda_functions\classes\CudaUtil.h">
      <Filter>Header Files</Filter>
    </ClInclude>
  </ItemGroup>
  <ItemGroup>
    <CudaCompile Include="Cuda_functions\functions\misc\selective_blur.cu" />
    <CudaCompile Include="Cuda_functions\functions\misc\fast_selective_blur.cu" />
    <CudaCompile Include="Cuda_functions\functions\SP processing\find_borders.cu" />
    <CudaCompile Include="Cuda_functions\functions\misc\matrix_operations.cu" />
    <CudaCompile Include="Cuda_functions\functions\AP\form_similarity_matrix.cu" />
    <CudaCompile Include="Cuda_functions\functions\AP\update_responsibility_matrix.cu" />
    <CudaCompile Include="Cuda_functions\functions\AP\update_availibility_matrix.cu" />
    <CudaCompile Include="Cuda_functions\functions\AP\update_critereon_matrix.cu" />
    <CudaCompile Include="Cuda_functions\functions\AP\extract_exemplars.cu" />
    <CudaCompile Include="Cuda_functions\functions\AP\form_similarity_matrix_color.cu" />
    <CudaCompile Include="Cuda_functions\functions\AP\dampen_messages.cu" />
    <CudaCompile Include="Cuda_functions\functions\AP\presort_matrix_ap.cu" />
    <CudaCompile Include="Cuda_functions\functions\SLIC\find_labels.cu" />
    <CudaCompile Include="Cuda_functions\functions\SLIC\update_centers.cu" />
    <CudaCompile Include="Cuda_functions\functions\generic operations\pop_zero_vec.cu" />
    <CudaCompile Include="Cuda_functions\functions\generic operations\sum_vec.cu" />
    <CudaCompile Include="Cuda_functions\functions\generic operations\exclusive_scan_vec.cu" />
    <CudaCompile Include="Cuda_functions\functions\SLIC\separate_blobs.cu" />
    <CudaCompile Include="Cuda_functions\functions\SLIC\absorb_small_blobs.cu" />
    <CudaCompile Include="Cuda_functions\functions\SLIC\produce_ordered_labels.cu" />
  </ItemGroup>
</Project>